
Microsoft Visual Studio Solution File, Format Version 12.00
Project("{2150E333-8FDC-42A3-9474-1A3956D46DE8}") = "src", "src", "{D6A15359-4AEC-43D0-B82E-7464A138F213}"
	ProjectSection(SolutionItems) = preProject
		src\Directory.Build.props = src\Directory.Build.props
		src\Directory.Build.targets = src\Directory.Build.targets
	EndProjectSection
EndProject
Project("{2150E333-8FDC-42A3-9474-1A3956D46DE8}") = "test", "test", "{34CB9937-9C1C-44BD-B81B-69D0353546B7}"
	ProjectSection(SolutionItems) = preProject
		test\Directory.Build.props = test\Directory.Build.props
	EndProjectSection
EndProject
Project("{FAE04EC0-301F-11D3-BF4B-00C04F79EFBC}") = "Darp.BinaryObjects.Generator", "src\Darp.BinaryObjects.Generator\Darp.BinaryObjects.Generator.csproj", "{F9826C94-3BD7-438E-AF16-AB0D01B46FC1}"
EndProject
Project("{FAE04EC0-301F-11D3-BF4B-00C04F79EFBC}") = "Darp.BinaryObjects", "src\Darp.BinaryObjects\Darp.BinaryObjects.csproj", "{A79F9DD7-B966-4D4D-9B8D-C0781E990FA7}"
EndProject
Project("{FAE04EC0-301F-11D3-BF4B-00C04F79EFBC}") = "Darp.BinaryObjects.Generator.Tests", "test\Darp.BinaryObjects.Generator.Tests\Darp.BinaryObjects.Generator.Tests.csproj", "{DBA86454-0E8D-47A2-83F1-1522966E542C}"
EndProject
Project("{FAE04EC0-301F-11D3-BF4B-00C04F79EFBC}") = "ExecutableProject", "playground\ExecutableProject\ExecutableProject.csproj", "{F97D827E-E241-4E3E-8C73-75950B173BF7}"
EndProject
Project("{2150E333-8FDC-42A3-9474-1A3956D46DE8}") = "global", "global", "{3B2E89C4-51D4-4CF5-AC64-EBF6056E3463}"
	ProjectSection(SolutionItems) = preProject
		Directory.Build.props = Directory.Build.props
		README.md = README.md
		.releaserc = .releaserc
	EndProjectSection
EndProject
Project("{FAE04EC0-301F-11D3-BF4B-00C04F79EFBC}") = "Darp.BinaryObjects.Tests", "test\Darp.BinaryObjects.Tests\Darp.BinaryObjects.Tests.csproj", "{A0A0F6BB-B35E-4CF2-B680-A503127BC250}"
EndProject
Project("{2150E333-8FDC-42A3-9474-1A3956D46DE8}") = "playground", "playground", "{48A54E60-70F8-481A-BEB5-3B9B8C0353BB}"
EndProject
Global
	GlobalSection(SolutionConfigurationPlatforms) = preSolution
		Debug|Any CPU = Debug|Any CPU
		Release|Any CPU = Release|Any CPU
	EndGlobalSection
	GlobalSection(ProjectConfigurationPlatforms) = postSolution
		{F9826C94-3BD7-438E-AF16-AB0D01B46FC1}.Debug|Any CPU.ActiveCfg = Debug|Any CPU
		{F9826C94-3BD7-438E-AF16-AB0D01B46FC1}.Debug|Any CPU.Build.0 = Debug|Any CPU
		{F9826C94-3BD7-438E-AF16-AB0D01B46FC1}.Release|Any CPU.ActiveCfg = Release|Any CPU
		{F9826C94-3BD7-438E-AF16-AB0D01B46FC1}.Release|Any CPU.Build.0 = Release|Any CPU
		{A79F9DD7-B966-4D4D-9B8D-C0781E990FA7}.Debug|Any CPU.ActiveCfg = Debug|Any CPU
		{A79F9DD7-B966-4D4D-9B8D-C0781E990FA7}.Debug|Any CPU.Build.0 = Debug|Any CPU
		{A79F9DD7-B966-4D4D-9B8D-C0781E990FA7}.Release|Any CPU.ActiveCfg = Release|Any CPU
		{A79F9DD7-B966-4D4D-9B8D-C0781E990FA7}.Release|Any CPU.Build.0 = Release|Any CPU
		{DBA86454-0E8D-47A2-83F1-1522966E542C}.Debug|Any CPU.ActiveCfg = Debug|Any CPU
		{DBA86454-0E8D-47A2-83F1-1522966E542C}.Debug|Any CPU.Build.0 = Debug|Any CPU
		{DBA86454-0E8D-47A2-83F1-1522966E542C}.Release|Any CPU.ActiveCfg = Release|Any CPU
		{DBA86454-0E8D-47A2-83F1-1522966E542C}.Release|Any CPU.Build.0 = Release|Any CPU
		{F97D827E-E241-4E3E-8C73-75950B173BF7}.Debug|Any CPU.ActiveCfg = Debug|Any CPU
		{F97D827E-E241-4E3E-8C73-75950B173BF7}.Debug|Any CPU.Build.0 = Debug|Any CPU
		{F97D827E-E241-4E3E-8C73-75950B173BF7}.Release|Any CPU.ActiveCfg = Release|Any CPU
		{F97D827E-E241-4E3E-8C73-75950B173BF7}.Release|Any CPU.Build.0 = Release|Any CPU
		{A0A0F6BB-B35E-4CF2-B680-A503127BC250}.Debug|Any CPU.ActiveCfg = Debug|Any CPU
		{A0A0F6BB-B35E-4CF2-B680-A503127BC250}.Debug|Any CPU.Build.0 = Debug|Any CPU
		{A0A0F6BB-B35E-4CF2-B680-A503127BC250}.Release|Any CPU.ActiveCfg = Release|Any CPU
		{A0A0F6BB-B35E-4CF2-B680-A503127BC250}.Release|Any CPU.Build.0 = Release|Any CPU
	EndGlobalSection
	GlobalSection(NestedProjects) = preSolution
		{F9826C94-3BD7-438E-AF16-AB0D01B46FC1} = {D6A15359-4AEC-43D0-B82E-7464A138F213}
		{A79F9DD7-B966-4D4D-9B8D-C0781E990FA7} = {D6A15359-4AEC-43D0-B82E-7464A138F213}
		{DBA86454-0E8D-47A2-83F1-1522966E542C} = {34CB9937-9C1C-44BD-B81B-69D0353546B7}
		{A0A0F6BB-B35E-4CF2-B680-A503127BC250} = {34CB9937-9C1C-44BD-B81B-69D0353546B7}
		{F97D827E-E241-4E3E-8C73-75950B173BF7} = {48A54E60-70F8-481A-BEB5-3B9B8C0353BB}
	EndGlobalSection
EndGlobal
